
Microsoft Visual Studio Solution File, Format Version 12.00
# Visual Studio Version 16
VisualStudioVersion = 16.0.33214.272
MinimumVisualStudioVersion = 10.0.40219.1
Project("{FAE04EC0-301F-11D3-BF4B-00C04F79EFBC}") = "mission09_mh2323", "mission09_mh2323\mission09_mh2323.csproj", "{C930726F-C1F8-4CC4-B554-A214E95E9EB6}"
EndProject
Global
	GlobalSection(SolutionConfigurationPlatforms) = preSolution
		Debug|Any CPU = Debug|Any CPU
		Release|Any CPU = Release|Any CPU
	EndGlobalSection
	GlobalSection(ProjectConfigurationPlatforms) = postSolution
		{C930726F-C1F8-4CC4-B554-A214E95E9EB6}.Debug|Any CPU.ActiveCfg = Debug|Any CPU
		{C930726F-C1F8-4CC4-B554-A214E95E9EB6}.Debug|Any CPU.Build.0 = Debug|Any CPU
		{C930726F-C1F8-4CC4-B554-A214E95E9EB6}.Release|Any CPU.ActiveCfg = Release|Any CPU
		{C930726F-C1F8-4CC4-B554-A214E95E9EB6}.Release|Any CPU.Build.0 = Release|Any CPU
	EndGlobalSection
	GlobalSection(SolutionProperties) = preSolution
		HideSolutionNode = FALSE
	EndGlobalSection
	GlobalSection(ExtensibilityGlobals) = postSolution
		SolutionGuid = {BC7B6C51-7724-4CF9-BD3E-B82F3CF74432}
	EndGlobalSection
EndGlobal
